
Microsoft Visual Studio Solution File, Format Version 12.00
# Visual Studio Version 16
VisualStudioVersion = 16.0.31205.134
MinimumVisualStudioVersion = 10.0.40219.1
Project("{FAE04EC0-301F-11D3-BF4B-00C04F79EFBC}") = "Enquete_WPF", "Enquete_WPF\Enquete_WPF.csproj", "{C9609271-521B-41B2-9717-694855BB63D6}"
EndProject
Global
	GlobalSection(SolutionConfigurationPlatforms) = preSolution
		Debug|Any CPU = Debug|Any CPU
		Release|Any CPU = Release|Any CPU
	EndGlobalSection
	GlobalSection(ProjectConfigurationPlatforms) = postSolution
		{C9609271-521B-41B2-9717-694855BB63D6}.Debug|Any CPU.ActiveCfg = Debug|Any CPU
		{C9609271-521B-41B2-9717-694855BB63D6}.Debug|Any CPU.Build.0 = Debug|Any CPU
		{C9609271-521B-41B2-9717-694855BB63D6}.Release|Any CPU.ActiveCfg = Release|Any CPU
		{C9609271-521B-41B2-9717-694855BB63D6}.Release|Any CPU.Build.0 = Release|Any CPU
	EndGlobalSection
	GlobalSection(SolutionProperties) = preSolution
		HideSolutionNode = FALSE
	EndGlobalSection
	GlobalSection(ExtensibilityGlobals) = postSolution
		SolutionGuid = {D74D1FBF-7B3A-4831-805E-7B65BA985565}
	EndGlobalSection
EndGlobal
